
Microsoft Visual Studio Solution File, Format Version 12.00
# Visual Studio 2013
VisualStudioVersion = 12.0.40629.0
MinimumVisualStudioVersion = 10.0.40219.1
Project("{FAE04EC0-301F-11D3-BF4B-00C04F79EFBC}") = "抽象工厂", "抽象工厂\抽象工厂.csproj", "{8C6204B4-A660-4C8C-9F47-C9C14BB8898A}"
EndProject
Project("{FAE04EC0-301F-11D3-BF4B-00C04F79EFBC}") = "抽象工厂1", "抽象工厂1\抽象工厂1.csproj", "{6BEC53D6-2AA1-4956-A772-94A3AF49E948}"
EndProject
Global
	GlobalSection(SolutionConfigurationPlatforms) = preSolution
		Debug|Any CPU = Debug|Any CPU
		Release|Any CPU = Release|Any CPU
	EndGlobalSection
	GlobalSection(ProjectConfigurationPlatforms) = postSolution
		{8C6204B4-A660-4C8C-9F47-C9C14BB8898A}.Debug|Any CPU.ActiveCfg = Debug|Any CPU
		{8C6204B4-A660-4C8C-9F47-C9C14BB8898A}.Debug|Any CPU.Build.0 = Debug|Any CPU
		{8C6204B4-A660-4C8C-9F47-C9C14BB8898A}.Release|Any CPU.ActiveCfg = Release|Any CPU
		{8C6204B4-A660-4C8C-9F47-C9C14BB8898A}.Release|Any CPU.Build.0 = Release|Any CPU
		{6BEC53D6-2AA1-4956-A772-94A3AF49E948}.Debug|Any CPU.ActiveCfg = Debug|Any CPU
		{6BEC53D6-2AA1-4956-A772-94A3AF49E948}.Debug|Any CPU.Build.0 = Debug|Any CPU
		{6BEC53D6-2AA1-4956-A772-94A3AF49E948}.Release|Any CPU.ActiveCfg = Release|Any CPU
		{6BEC53D6-2AA1-4956-A772-94A3AF49E948}.Release|Any CPU.Build.0 = Release|Any CPU
	EndGlobalSection
	GlobalSection(SolutionProperties) = preSolution
		HideSolutionNode = FALSE
	EndGlobalSection
EndGlobal
